
Microsoft Visual Studio Solution File, Format Version 12.00
# Visual Studio Version 17
VisualStudioVersion = 17.9.34321.82
MinimumVisualStudioVersion = 10.0.40219.1
Project("{9A19103F-16F7-4668-BE54-9A1E7A4F7556}") = "ProgrammersNotebook", "ProgrammersNotebook\ProgrammersNotebook.csproj", "{84DFF270-0B44-41FE-9C3D-BCA61AFBC5DF}"
EndProject
Project("{9A19103F-16F7-4668-BE54-9A1E7A4F7556}") = "MarkDownHelper", "MarkDownHelper\MarkDownHelper.csproj", "{F2557EA2-33A8-4BC2-9F9B-2D570089B7C1}"
EndProject
Project("{9A19103F-16F7-4668-BE54-9A1E7A4F7556}") = "PasteTest", "PasteTest\PasteTest.csproj", "{79EE1570-FC6E-42F8-9C34-95E75201D885}"
EndProject
Project("{9A19103F-16F7-4668-BE54-9A1E7A4F7556}") = "RegexTest2", "RegexTest2\RegexTest2.csproj", "{3BB77DFF-4F42-479D-BE05-DD766F494781}"
EndProject
Project("{FAE04EC0-301F-11D3-BF4B-00C04F79EFBC}") = "EmbeddedBrowserTest", "EmbeddedBrowserTest\EmbeddedBrowserTest.csproj", "{68F6B681-3BBD-42FB-9F3A-3A8CDB5CDF21}"
EndProject
Global
	GlobalSection(SolutionConfigurationPlatforms) = preSolution
		Debug|Any CPU = Debug|Any CPU
		Release|Any CPU = Release|Any CPU
	EndGlobalSection
	GlobalSection(ProjectConfigurationPlatforms) = postSolution
		{84DFF270-0B44-41FE-9C3D-BCA61AFBC5DF}.Debug|Any CPU.ActiveCfg = Debug|Any CPU
		{84DFF270-0B44-41FE-9C3D-BCA61AFBC5DF}.Debug|Any CPU.Build.0 = Debug|Any CPU
		{84DFF270-0B44-41FE-9C3D-BCA61AFBC5DF}.Release|Any CPU.ActiveCfg = Release|Any CPU
		{84DFF270-0B44-41FE-9C3D-BCA61AFBC5DF}.Release|Any CPU.Build.0 = Release|Any CPU
		{F2557EA2-33A8-4BC2-9F9B-2D570089B7C1}.Debug|Any CPU.ActiveCfg = Debug|Any CPU
		{F2557EA2-33A8-4BC2-9F9B-2D570089B7C1}.Debug|Any CPU.Build.0 = Debug|Any CPU
		{F2557EA2-33A8-4BC2-9F9B-2D570089B7C1}.Release|Any CPU.ActiveCfg = Release|Any CPU
		{F2557EA2-33A8-4BC2-9F9B-2D570089B7C1}.Release|Any CPU.Build.0 = Release|Any CPU
		{79EE1570-FC6E-42F8-9C34-95E75201D885}.Debug|Any CPU.ActiveCfg = Debug|Any CPU
		{79EE1570-FC6E-42F8-9C34-95E75201D885}.Debug|Any CPU.Build.0 = Debug|Any CPU
		{79EE1570-FC6E-42F8-9C34-95E75201D885}.Release|Any CPU.ActiveCfg = Release|Any CPU
		{79EE1570-FC6E-42F8-9C34-95E75201D885}.Release|Any CPU.Build.0 = Release|Any CPU
		{3BB77DFF-4F42-479D-BE05-DD766F494781}.Debug|Any CPU.ActiveCfg = Debug|Any CPU
		{3BB77DFF-4F42-479D-BE05-DD766F494781}.Debug|Any CPU.Build.0 = Debug|Any CPU
		{3BB77DFF-4F42-479D-BE05-DD766F494781}.Release|Any CPU.ActiveCfg = Release|Any CPU
		{3BB77DFF-4F42-479D-BE05-DD766F494781}.Release|Any CPU.Build.0 = Release|Any CPU
		{68F6B681-3BBD-42FB-9F3A-3A8CDB5CDF21}.Debug|Any CPU.ActiveCfg = Debug|Any CPU
		{68F6B681-3BBD-42FB-9F3A-3A8CDB5CDF21}.Debug|Any CPU.Build.0 = Debug|Any CPU
		{68F6B681-3BBD-42FB-9F3A-3A8CDB5CDF21}.Release|Any CPU.ActiveCfg = Release|Any CPU
		{68F6B681-3BBD-42FB-9F3A-3A8CDB5CDF21}.Release|Any CPU.Build.0 = Release|Any CPU
	EndGlobalSection
	GlobalSection(SolutionProperties) = preSolution
		HideSolutionNode = FALSE
	EndGlobalSection
	GlobalSection(ExtensibilityGlobals) = postSolution
		SolutionGuid = {82832D37-63A3-4AE8-82D9-0E1AD7875B01}
	EndGlobalSection
EndGlobal
